
Microsoft Visual Studio Solution File, Format Version 11.00
# Visual C# Express 2010
Project("{FAE04EC0-301F-11D3-BF4B-00C04F79EFBC}") = "XNA-FormulaWeb", "XNA-FormulaWeb\XNA-FormulaWeb\XNA-FormulaWeb.csproj", "{57E2018F-6C13-43AD-B2D2-2A6A978091C7}"
	ProjectSection(ProjectDependencies) = postProject
		{E1720C30-EBD6-4637-A3FA-CCDC157BBCB4} = {E1720C30-EBD6-4637-A3FA-CCDC157BBCB4}
		{384E1A5C-4B65-4FC7-9CDA-71D40B36E67B} = {384E1A5C-4B65-4FC7-9CDA-71D40B36E67B}
		{74BBC5B5-5C13-4A91-BD10-19B2F994DBB2} = {74BBC5B5-5C13-4A91-BD10-19B2F994DBB2}
	EndProjectSection
EndProject
Project("{FAE04EC0-301F-11D3-BF4B-00C04F79EFBC}") = "XNA-FormulaWebContent", "XNA-FormulaWeb\XNA-FormulaWebContent\XNA-FormulaWebContent.contentproj", "{D72A40CB-7BD0-494D-8B76-6A56A1D0126C}"
EndProject
Project("{FAE04EC0-301F-11D3-BF4B-00C04F79EFBC}") = "Gestion_Circuit", "..\..\..\001 - Gestion Circuit\Gestion_Circuit\Gestion_Circuit\Gestion_Circuit.csproj", "{E1720C30-EBD6-4637-A3FA-CCDC157BBCB4}"
EndProject
Project("{FAE04EC0-301F-11D3-BF4B-00C04F79EFBC}") = "Gestion_Voiture", "..\..\..\002 - Gestion Voiture\Gestion_Voiture\Gestion_Voiture\Gestion_Voiture.csproj", "{384E1A5C-4B65-4FC7-9CDA-71D40B36E67B}"
EndProject
Project("{FAE04EC0-301F-11D3-BF4B-00C04F79EFBC}") = "Gestion_Graphique", "..\..\..\003 - Gestion Graphique\Gestion_Graphique\Gestion_Graphique\Gestion_Graphique.csproj", "{74BBC5B5-5C13-4A91-BD10-19B2F994DBB2}"
EndProject
Global
	GlobalSection(SolutionConfigurationPlatforms) = preSolution
		Debug|Any CPU = Debug|Any CPU
		Debug|Mixed Platforms = Debug|Mixed Platforms
		Debug|x86 = Debug|x86
		Release|Any CPU = Release|Any CPU
		Release|Mixed Platforms = Release|Mixed Platforms
		Release|x86 = Release|x86
	EndGlobalSection
	GlobalSection(ProjectConfigurationPlatforms) = postSolution
		{57E2018F-6C13-43AD-B2D2-2A6A978091C7}.Debug|Any CPU.ActiveCfg = Debug|x86
		{57E2018F-6C13-43AD-B2D2-2A6A978091C7}.Debug|Mixed Platforms.ActiveCfg = Debug|x86
		{57E2018F-6C13-43AD-B2D2-2A6A978091C7}.Debug|Mixed Platforms.Build.0 = Debug|x86
		{57E2018F-6C13-43AD-B2D2-2A6A978091C7}.Debug|x86.ActiveCfg = Debug|x86
		{57E2018F-6C13-43AD-B2D2-2A6A978091C7}.Debug|x86.Build.0 = Debug|x86
		{57E2018F-6C13-43AD-B2D2-2A6A978091C7}.Release|Any CPU.ActiveCfg = Release|x86
		{57E2018F-6C13-43AD-B2D2-2A6A978091C7}.Release|Mixed Platforms.ActiveCfg = Release|x86
		{57E2018F-6C13-43AD-B2D2-2A6A978091C7}.Release|Mixed Platforms.Build.0 = Release|x86
		{57E2018F-6C13-43AD-B2D2-2A6A978091C7}.Release|x86.ActiveCfg = Release|x86
		{57E2018F-6C13-43AD-B2D2-2A6A978091C7}.Release|x86.Build.0 = Release|x86
		{D72A40CB-7BD0-494D-8B76-6A56A1D0126C}.Debug|Any CPU.ActiveCfg = Debug|x86
		{D72A40CB-7BD0-494D-8B76-6A56A1D0126C}.Debug|Mixed Platforms.ActiveCfg = Debug|x86
		{D72A40CB-7BD0-494D-8B76-6A56A1D0126C}.Debug|x86.ActiveCfg = Debug|x86
		{D72A40CB-7BD0-494D-8B76-6A56A1D0126C}.Release|Any CPU.ActiveCfg = Release|x86
		{D72A40CB-7BD0-494D-8B76-6A56A1D0126C}.Release|Mixed Platforms.ActiveCfg = Release|x86
		{D72A40CB-7BD0-494D-8B76-6A56A1D0126C}.Release|x86.ActiveCfg = Release|x86
		{E1720C30-EBD6-4637-A3FA-CCDC157BBCB4}.Debug|Any CPU.ActiveCfg = Debug|Any CPU
		{E1720C30-EBD6-4637-A3FA-CCDC157BBCB4}.Debug|Any CPU.Build.0 = Debug|Any CPU
		{E1720C30-EBD6-4637-A3FA-CCDC157BBCB4}.Debug|Mixed Platforms.ActiveCfg = Debug|Any CPU
		{E1720C30-EBD6-4637-A3FA-CCDC157BBCB4}.Debug|Mixed Platforms.Build.0 = Debug|Any CPU
		{E1720C30-EBD6-4637-A3FA-CCDC157BBCB4}.Debug|x86.ActiveCfg = Debug|Any CPU
		{E1720C30-EBD6-4637-A3FA-CCDC157BBCB4}.Release|Any CPU.ActiveCfg = Release|Any CPU
		{E1720C30-EBD6-4637-A3FA-CCDC157BBCB4}.Release|Any CPU.Build.0 = Release|Any CPU
		{E1720C30-EBD6-4637-A3FA-CCDC157BBCB4}.Release|Mixed Platforms.ActiveCfg = Release|Any CPU
		{E1720C30-EBD6-4637-A3FA-CCDC157BBCB4}.Release|Mixed Platforms.Build.0 = Release|Any CPU
		{E1720C30-EBD6-4637-A3FA-CCDC157BBCB4}.Release|x86.ActiveCfg = Release|Any CPU
		{384E1A5C-4B65-4FC7-9CDA-71D40B36E67B}.Debug|Any CPU.ActiveCfg = Debug|Any CPU
		{384E1A5C-4B65-4FC7-9CDA-71D40B36E67B}.Debug|Any CPU.Build.0 = Debug|Any CPU
		{384E1A5C-4B65-4FC7-9CDA-71D40B36E67B}.Debug|Mixed Platforms.ActiveCfg = Debug|Any CPU
		{384E1A5C-4B65-4FC7-9CDA-71D40B36E67B}.Debug|Mixed Platforms.Build.0 = Debug|Any CPU
		{384E1A5C-4B65-4FC7-9CDA-71D40B36E67B}.Debug|x86.ActiveCfg = Debug|Any CPU
		{384E1A5C-4B65-4FC7-9CDA-71D40B36E67B}.Release|Any CPU.ActiveCfg = Release|Any CPU
		{384E1A5C-4B65-4FC7-9CDA-71D40B36E67B}.Release|Any CPU.Build.0 = Release|Any CPU
		{384E1A5C-4B65-4FC7-9CDA-71D40B36E67B}.Release|Mixed Platforms.ActiveCfg = Release|Any CPU
		{384E1A5C-4B65-4FC7-9CDA-71D40B36E67B}.Release|Mixed Platforms.Build.0 = Release|Any CPU
		{384E1A5C-4B65-4FC7-9CDA-71D40B36E67B}.Release|x86.ActiveCfg = Release|Any CPU
		{74BBC5B5-5C13-4A91-BD10-19B2F994DBB2}.Debug|Any CPU.ActiveCfg = Debug|x86
		{74BBC5B5-5C13-4A91-BD10-19B2F994DBB2}.Debug|Mixed Platforms.ActiveCfg = Debug|x86
		{74BBC5B5-5C13-4A91-BD10-19B2F994DBB2}.Debug|Mixed Platforms.Build.0 = Debug|x86
		{74BBC5B5-5C13-4A91-BD10-19B2F994DBB2}.Debug|x86.ActiveCfg = Debug|x86
		{74BBC5B5-5C13-4A91-BD10-19B2F994DBB2}.Debug|x86.Build.0 = Debug|x86
		{74BBC5B5-5C13-4A91-BD10-19B2F994DBB2}.Release|Any CPU.ActiveCfg = Release|x86
		{74BBC5B5-5C13-4A91-BD10-19B2F994DBB2}.Release|Mixed Platforms.ActiveCfg = Release|x86
		{74BBC5B5-5C13-4A91-BD10-19B2F994DBB2}.Release|Mixed Platforms.Build.0 = Release|x86
		{74BBC5B5-5C13-4A91-BD10-19B2F994DBB2}.Release|x86.ActiveCfg = Release|x86
		{74BBC5B5-5C13-4A91-BD10-19B2F994DBB2}.Release|x86.Build.0 = Release|x86
	EndGlobalSection
	GlobalSection(SolutionProperties) = preSolution
		HideSolutionNode = FALSE
	EndGlobalSection
EndGlobal
