
Microsoft Visual Studio Solution File, Format Version 11.00
# Visual C# Express 2010
Project("{FAE04EC0-301F-11D3-BF4B-00C04F79EFBC}") = "Gestion_Vehicule", "Gestion_Vehicule\Gestion_Vehicule.csproj", "{ACC5AA73-D25C-444F-9B0C-09B43BCC4637}"
EndProject
Global
	GlobalSection(SolutionConfigurationPlatforms) = preSolution
		Debug|Any CPU = Debug|Any CPU
		Release|Any CPU = Release|Any CPU
	EndGlobalSection
	GlobalSection(ProjectConfigurationPlatforms) = postSolution
		{ACC5AA73-D25C-444F-9B0C-09B43BCC4637}.Debug|Any CPU.ActiveCfg = Debug|Any CPU
		{ACC5AA73-D25C-444F-9B0C-09B43BCC4637}.Debug|Any CPU.Build.0 = Debug|Any CPU
		{ACC5AA73-D25C-444F-9B0C-09B43BCC4637}.Release|Any CPU.ActiveCfg = Release|Any CPU
		{ACC5AA73-D25C-444F-9B0C-09B43BCC4637}.Release|Any CPU.Build.0 = Release|Any CPU
	EndGlobalSection
	GlobalSection(SolutionProperties) = preSolution
		HideSolutionNode = FALSE
	EndGlobalSection
EndGlobal
